
Microsoft Visual Studio Solution File, Format Version 12.00
# Visual Studio Version 17
VisualStudioVersion = 17.9.34728.123
MinimumVisualStudioVersion = 10.0.40219.1
Project("{FAE04EC0-301F-11D3-BF4B-00C04F79EFBC}") = "NSpecificationConsole", "NSpecificationConsole\NSpecificationConsole.csproj", "{7446DD1C-6027-404B-8D97-2E2135D72E6D}"
EndProject
Global
	GlobalSection(SolutionConfigurationPlatforms) = preSolution
		Debug|Any CPU = Debug|Any CPU
		Release|Any CPU = Release|Any CPU
	EndGlobalSection
	GlobalSection(ProjectConfigurationPlatforms) = postSolution
		{7446DD1C-6027-404B-8D97-2E2135D72E6D}.Debug|Any CPU.ActiveCfg = Debug|Any CPU
		{7446DD1C-6027-404B-8D97-2E2135D72E6D}.Debug|Any CPU.Build.0 = Debug|Any CPU
		{7446DD1C-6027-404B-8D97-2E2135D72E6D}.Release|Any CPU.ActiveCfg = Release|Any CPU
		{7446DD1C-6027-404B-8D97-2E2135D72E6D}.Release|Any CPU.Build.0 = Release|Any CPU
	EndGlobalSection
	GlobalSection(SolutionProperties) = preSolution
		HideSolutionNode = FALSE
	EndGlobalSection
	GlobalSection(ExtensibilityGlobals) = postSolution
		SolutionGuid = {B413C400-5332-4B8B-8AA1-CA47AAAC8494}
	EndGlobalSection
EndGlobal
